// !$*UTF8*$!
{
	archiveVersion = 1;
	classes = {
	};
	objectVersion = 50;
	objects = {

/* Begin PBXBuildFile section */
		D20C55DA251C04E000107FBD /* RallyMatchConfigurable.swift in Sources */ = {isa = PBXBuildFile; fileRef = D20C55D8251C04E000107FBD /* RallyMatchConfigurable.swift */; };
		D20C55DB251C04E000107FBD /* RallyMatchController.swift in Sources */ = {isa = PBXBuildFile; fileRef = D20C55D9251C04E000107FBD /* RallyMatchController.swift */; };
		D20C55E2251C04EE00107FBD /* RallyTeam.swift in Sources */ = {isa = PBXBuildFile; fileRef = D20C55E1251C04EE00107FBD /* RallyTeam.swift */; };
		D2227EFB251E3154009DD539 /* MatchSettingsPickerView.swift in Sources */ = {isa = PBXBuildFile; fileRef = D2227EFA251E3154009DD539 /* MatchSettingsPickerView.swift */; };
		D2227EFC251E3154009DD539 /* MatchSettingsPickerView.swift in Sources */ = {isa = PBXBuildFile; fileRef = D2227EFA251E3154009DD539 /* MatchSettingsPickerView.swift */; };
		D23CCB65251AD634002EBE72 /* Match+Extensions.swift in Sources */ = {isa = PBXBuildFile; fileRef = D23CCB64251AD634002EBE72 /* Match+Extensions.swift */; };
		D23CCB8D251ADEC2002EBE72 /* HorizontalSummaryView.swift in Sources */ = {isa = PBXBuildFile; fileRef = D23CCB8C251ADEC2002EBE72 /* HorizontalSummaryView.swift */; };
		D23CCB9A251AE68A002EBE72 /* Match+Extensions.swift in Sources */ = {isa = PBXBuildFile; fileRef = D23CCB64251AD634002EBE72 /* Match+Extensions.swift */; };
		D23CCBA0251B8AE3002EBE72 /* HistoryWorkoutMetricView.swift in Sources */ = {isa = PBXBuildFile; fileRef = D23CCB9F251B8AE3002EBE72 /* HistoryWorkoutMetricView.swift */; };
		D23CCBA6251B8B2C002EBE72 /* MatchHistoryScoreView.swift in Sources */ = {isa = PBXBuildFile; fileRef = D23CCBA5251B8B2C002EBE72 /* MatchHistoryScoreView.swift */; };
		D23CCBAC251B8DBE002EBE72 /* MatchStorage.swift in Sources */ = {isa = PBXBuildFile; fileRef = D23CCBAB251B8DBE002EBE72 /* MatchStorage.swift */; };
		D23CCBB5251B95A7002EBE72 /* HistoryWorkoutMetricView.swift in Sources */ = {isa = PBXBuildFile; fileRef = D23CCB9F251B8AE3002EBE72 /* HistoryWorkoutMetricView.swift */; };
		D23CCBB6251B95A7002EBE72 /* MatchHistoryScoreView.swift in Sources */ = {isa = PBXBuildFile; fileRef = D23CCBA5251B8B2C002EBE72 /* MatchHistoryScoreView.swift */; };
		D23CCBBB251B95E3002EBE72 /* MatchStorage.swift in Sources */ = {isa = PBXBuildFile; fileRef = D23CCBAB251B8DBE002EBE72 /* MatchStorage.swift */; };
		D23CCBC5251BA65B002EBE72 /* SettingStorage.swift in Sources */ = {isa = PBXBuildFile; fileRef = D23CCBC4251BA65B002EBE72 /* SettingStorage.swift */; };
		D23CCBC6251BA65B002EBE72 /* SettingStorage.swift in Sources */ = {isa = PBXBuildFile; fileRef = D23CCBC4251BA65B002EBE72 /* SettingStorage.swift */; };
		D23F760A25198A87006BF603 /* TopSpinApp.swift in Sources */ = {isa = PBXBuildFile; fileRef = D23F760925198A87006BF603 /* TopSpinApp.swift */; };
		D23F760C25198A87006BF603 /* ContentView.swift in Sources */ = {isa = PBXBuildFile; fileRef = D23F760B25198A87006BF603 /* ContentView.swift */; };
		D23F760E25198A89006BF603 /* Assets.xcassets in Resources */ = {isa = PBXBuildFile; fileRef = D23F760D25198A89006BF603 /* Assets.xcassets */; };
		D23F761125198A89006BF603 /* Preview Assets.xcassets in Resources */ = {isa = PBXBuildFile; fileRef = D23F761025198A89006BF603 /* Preview Assets.xcassets */; };
		D23F762425198AB7006BF603 /* Assets.xcassets in Resources */ = {isa = PBXBuildFile; fileRef = D23F762325198AB7006BF603 /* Assets.xcassets */; };
		D23F762B25198AB7006BF603 /* TopSpinWatch WatchKit Extension.appex in Embed App Extensions */ = {isa = PBXBuildFile; fileRef = D23F762A25198AB7006BF603 /* TopSpinWatch WatchKit Extension.appex */; settings = {ATTRIBUTES = (RemoveHeadersOnCopy, ); }; };
		D23F763025198AB7006BF603 /* ContentView.swift in Sources */ = {isa = PBXBuildFile; fileRef = D23F762F25198AB7006BF603 /* ContentView.swift */; };
		D23F763225198AB7006BF603 /* TopSpinApp.swift in Sources */ = {isa = PBXBuildFile; fileRef = D23F763125198AB7006BF603 /* TopSpinApp.swift */; };
		D23F763425198AB7006BF603 /* ComplicationController.swift in Sources */ = {isa = PBXBuildFile; fileRef = D23F763325198AB7006BF603 /* ComplicationController.swift */; };
		D23F763625198AB8006BF603 /* Assets.xcassets in Resources */ = {isa = PBXBuildFile; fileRef = D23F763525198AB8006BF603 /* Assets.xcassets */; };
		D23F763925198AB8006BF603 /* Preview Assets.xcassets in Resources */ = {isa = PBXBuildFile; fileRef = D23F763825198AB8006BF603 /* Preview Assets.xcassets */; };
		D23F765525198CF5006BF603 /* MatchHistoryList.swift in Sources */ = {isa = PBXBuildFile; fileRef = D23F765425198CF5006BF603 /* MatchHistoryList.swift */; };
		D23F766125198D24006BF603 /* MatchHistoryItem.swift in Sources */ = {isa = PBXBuildFile; fileRef = D23F766025198D24006BF603 /* MatchHistoryItem.swift */; };
		D23F7666251991F5006BF603 /* MatchHistoryItem.swift in Sources */ = {isa = PBXBuildFile; fileRef = D23F766025198D24006BF603 /* MatchHistoryItem.swift */; };
		D261A864251A662100689252 /* MatchSetupView.swift in Sources */ = {isa = PBXBuildFile; fileRef = D261A863251A662100689252 /* MatchSetupView.swift */; };
		D261A86F251A6BC600689252 /* HealthKit.framework in Frameworks */ = {isa = PBXBuildFile; fileRef = D261A86E251A6BC600689252 /* HealthKit.framework */; };
		D261A876251A6D9300689252 /* MatchWorkoutView.swift in Sources */ = {isa = PBXBuildFile; fileRef = D261A875251A6D9300689252 /* MatchWorkoutView.swift */; };
		D27773CE2521385300F1787A /* SettingsRepository.swift in Sources */ = {isa = PBXBuildFile; fileRef = D27773CD2521385300F1787A /* SettingsRepository.swift */; };
		D27978AD251CED0800771DB9 /* RallyTeamTests.swift in Sources */ = {isa = PBXBuildFile; fileRef = D27978AC251CED0800771DB9 /* RallyTeamTests.swift */; };
		D27978B9251CED2400771DB9 /* RallyTeam.swift in Sources */ = {isa = PBXBuildFile; fileRef = D20C55E1251C04EE00107FBD /* RallyTeam.swift */; };
		D27978BA251CED2400771DB9 /* RallyMatchConfigurable.swift in Sources */ = {isa = PBXBuildFile; fileRef = D20C55D8251C04E000107FBD /* RallyMatchConfigurable.swift */; };
		D27978BB251CED2400771DB9 /* RallyMatchController.swift in Sources */ = {isa = PBXBuildFile; fileRef = D20C55D9251C04E000107FBD /* RallyMatchController.swift */; };
		D27978DA251CEDF500771DB9 /* RallyFullMatchTests.swift in Sources */ = {isa = PBXBuildFile; fileRef = D27978D1251CEDF500771DB9 /* RallyFullMatchTests.swift */; };
		D27978DB251CEDF500771DB9 /* RallyMatchServingTests.swift in Sources */ = {isa = PBXBuildFile; fileRef = D27978D3251CEDF500771DB9 /* RallyMatchServingTests.swift */; };
		D27978DC251CEDF500771DB9 /* RallyMatchScoringTests.swift in Sources */ = {isa = PBXBuildFile; fileRef = D27978D5251CEDF500771DB9 /* RallyMatchScoringTests.swift */; };
		D27978DD251CEDF500771DB9 /* RallyMatchOverTests.swift in Sources */ = {isa = PBXBuildFile; fileRef = D27978D7251CEDF500771DB9 /* RallyMatchOverTests.swift */; };
		D27978DE251CEDF500771DB9 /* StandardSettingsTemplate.swift in Sources */ = {isa = PBXBuildFile; fileRef = D27978D9251CEDF500771DB9 /* StandardSettingsTemplate.swift */; };
		D27978EF251CF48500771DB9 /* ActiveMatchTabView.swift in Sources */ = {isa = PBXBuildFile; fileRef = D27978EE251CF48500771DB9 /* ActiveMatchTabView.swift */; };
		D27978F6251CF4E100771DB9 /* HomeTabView.swift in Sources */ = {isa = PBXBuildFile; fileRef = D27978F5251CF4E100771DB9 /* HomeTabView.swift */; };
		D27978FE251CF70E00771DB9 /* StatefulPreviewWrapper.swift in Sources */ = {isa = PBXBuildFile; fileRef = D27978FD251CF70E00771DB9 /* StatefulPreviewWrapper.swift */; };
		D27978FF251CF70E00771DB9 /* StatefulPreviewWrapper.swift in Sources */ = {isa = PBXBuildFile; fileRef = D27978FD251CF70E00771DB9 /* StatefulPreviewWrapper.swift */; };
		D2797910251D00FB00771DB9 /* HealthKit.framework in Frameworks */ = {isa = PBXBuildFile; fileRef = D279790F251D00FB00771DB9 /* HealthKit.framework */; };
		D2801F4E25199BCC00E85E90 /* HistorySummaryView.swift in Sources */ = {isa = PBXBuildFile; fileRef = D2801F4D25199BCC00E85E90 /* HistorySummaryView.swift */; };
		D2A713FE2524215E008F053D /* Reducer.swift in Sources */ = {isa = PBXBuildFile; fileRef = D2A713FD2524215E008F053D /* Reducer.swift */; };
		D2A713FF2524215E008F053D /* Reducer.swift in Sources */ = {isa = PBXBuildFile; fileRef = D2A713FD2524215E008F053D /* Reducer.swift */; };
		D2A71409252421AA008F053D /* SettingReducer.swift in Sources */ = {isa = PBXBuildFile; fileRef = D2A71408252421AA008F053D /* SettingReducer.swift */; };
		D2A714182524227A008F053D /* MatchHistoryReducer.swift in Sources */ = {isa = PBXBuildFile; fileRef = D2A714172524227A008F053D /* MatchHistoryReducer.swift */; };
		D2A71423252422D2008F053D /* AppStore.swift in Sources */ = {isa = PBXBuildFile; fileRef = D2A71422252422D2008F053D /* AppStore.swift */; };
		D2A7143D25242584008F053D /* SettingsRepository.swift in Sources */ = {isa = PBXBuildFile; fileRef = D27773CD2521385300F1787A /* SettingsRepository.swift */; };
		D2A71447252426D7008F053D /* MatchHistoryReducer.swift in Sources */ = {isa = PBXBuildFile; fileRef = D2A71446252426D7008F053D /* MatchHistoryReducer.swift */; };
		D2A7144D25242703008F053D /* MatchSettingsReducer.swift in Sources */ = {isa = PBXBuildFile; fileRef = D2A7144C25242703008F053D /* MatchSettingsReducer.swift */; };
		D2A7145325242755008F053D /* WorkoutReducer.swift in Sources */ = {isa = PBXBuildFile; fileRef = D2A7145225242755008F053D /* WorkoutReducer.swift */; };
		D2A7145D2524278E008F053D /* AppStore.swift in Sources */ = {isa = PBXBuildFile; fileRef = D2A7145C2524278E008F053D /* AppStore.swift */; };
		D2B01F02251ED201002E8E74 /* HeartRatesView.swift in Sources */ = {isa = PBXBuildFile; fileRef = D2B01F01251ED201002E8E74 /* HeartRatesView.swift */; };
		D2B01F03251ED201002E8E74 /* HeartRatesView.swift in Sources */ = {isa = PBXBuildFile; fileRef = D2B01F01251ED201002E8E74 /* HeartRatesView.swift */; };
		D2B01F0D251ED2A2002E8E74 /* HeartRateValueView.swift in Sources */ = {isa = PBXBuildFile; fileRef = D2B01F0C251ED2A2002E8E74 /* HeartRateValueView.swift */; };
		D2B01F0E251ED2A2002E8E74 /* HeartRateValueView.swift in Sources */ = {isa = PBXBuildFile; fileRef = D2B01F0C251ED2A2002E8E74 /* HeartRateValueView.swift */; };
		D2B279BB251EB97F0007FF3F /* WorkoutMetricContent.swift in Sources */ = {isa = PBXBuildFile; fileRef = D2B279BA251EB97F0007FF3F /* WorkoutMetricContent.swift */; };
		D2B279BC251EB97F0007FF3F /* WorkoutMetricContent.swift in Sources */ = {isa = PBXBuildFile; fileRef = D2B279BA251EB97F0007FF3F /* WorkoutMetricContent.swift */; };
		D2B279C3251EB9B30007FF3F /* HorizontalIconView.swift in Sources */ = {isa = PBXBuildFile; fileRef = D2B279C2251EB9B30007FF3F /* HorizontalIconView.swift */; };
		D2B279C4251EB9B30007FF3F /* HorizontalIconView.swift in Sources */ = {isa = PBXBuildFile; fileRef = D2B279C2251EB9B30007FF3F /* HorizontalIconView.swift */; };
		D2B279CE251EC25F0007FF3F /* HistoryEmptyView.swift in Sources */ = {isa = PBXBuildFile; fileRef = D2B279CD251EC25F0007FF3F /* HistoryEmptyView.swift */; };
		D2B279E6251EC3C80007FF3F /* LargeMetricView.swift in Sources */ = {isa = PBXBuildFile; fileRef = D2B279E5251EC3C80007FF3F /* LargeMetricView.swift */; };
		D2B279E7251EC3C80007FF3F /* LargeMetricView.swift in Sources */ = {isa = PBXBuildFile; fileRef = D2B279E5251EC3C80007FF3F /* LargeMetricView.swift */; };
		D2B279ED251EC5450007FF3F /* MatchSummaryScoreView.swift in Sources */ = {isa = PBXBuildFile; fileRef = D2B279EC251EC5450007FF3F /* MatchSummaryScoreView.swift */; };
		D2B279EE251EC5450007FF3F /* MatchSummaryScoreView.swift in Sources */ = {isa = PBXBuildFile; fileRef = D2B279EC251EC5450007FF3F /* MatchSummaryScoreView.swift */; };
		D2B74D5F251A931700D1004B /* ActiveMatchSwipeView.swift in Sources */ = {isa = PBXBuildFile; fileRef = D2B74D5E251A931700D1004B /* ActiveMatchSwipeView.swift */; };
		D2B74D69251AA49B00D1004B /* ActiveMatchView.swift in Sources */ = {isa = PBXBuildFile; fileRef = D2B74D68251AA49B00D1004B /* ActiveMatchView.swift */; };
		D2B74D91251ABD0C00D1004B /* Persistance.swift in Sources */ = {isa = PBXBuildFile; fileRef = D2B74D90251ABD0C00D1004B /* Persistance.swift */; };
		D2B74D9A251ABD6500D1004B /* Persistance.swift in Sources */ = {isa = PBXBuildFile; fileRef = D2B74D90251ABD0C00D1004B /* Persistance.swift */; };
		D2B74DA0251ABDE400D1004B /* CloudKit.framework in Frameworks */ = {isa = PBXBuildFile; fileRef = D2B74D9F251ABDE400D1004B /* CloudKit.framework */; };
		D2B74DA7251ABE1000D1004B /* CloudKit.framework in Frameworks */ = {isa = PBXBuildFile; fileRef = D2B74DA6251ABE1000D1004B /* CloudKit.framework */; };
		D2B74DAB251ABEA800D1004B /* TopSpin.xcdatamodeld in Sources */ = {isa = PBXBuildFile; fileRef = D2B74DA9251ABEA800D1004B /* TopSpin.xcdatamodeld */; };
		D2B74DAC251ABEA800D1004B /* TopSpin.xcdatamodeld in Sources */ = {isa = PBXBuildFile; fileRef = D2B74DA9251ABEA800D1004B /* TopSpin.xcdatamodeld */; };
		D2BCC687251FF17E0032CC23 /* AppEnvironment.swift in Sources */ = {isa = PBXBuildFile; fileRef = D2D73E8C251FE3FF006896C3 /* AppEnvironment.swift */; };
		D2BCC6A0252004FB0032CC23 /* Store.swift in Sources */ = {isa = PBXBuildFile; fileRef = D2D73E80251FE33D006896C3 /* Store.swift */; };
		D2BCC6A1252004FB0032CC23 /* Store+Binding.swift in Sources */ = {isa = PBXBuildFile; fileRef = D2D73E86251FE36F006896C3 /* Store+Binding.swift */; };
		D2BCC6AC2520053C0032CC23 /* AppEnvironment.swift in Sources */ = {isa = PBXBuildFile; fileRef = D2BCC6AB2520053C0032CC23 /* AppEnvironment.swift */; };
		D2D73E1B251ED74D006896C3 /* MatchTimelineView.swift in Sources */ = {isa = PBXBuildFile; fileRef = D2D73E1A251ED74D006896C3 /* MatchTimelineView.swift */; };
		D2D73E2A251EF398006896C3 /* FloatingLiveWorkoutView.swift in Sources */ = {isa = PBXBuildFile; fileRef = D2D73E29251EF398006896C3 /* FloatingLiveWorkoutView.swift */; };
		D2D73E35251EFA4B006896C3 /* LiveMatchView.swift in Sources */ = {isa = PBXBuildFile; fileRef = D2D73E34251EFA4B006896C3 /* LiveMatchView.swift */; };
		D2D73E3C251F05C0006896C3 /* HomeHistoryView.swift in Sources */ = {isa = PBXBuildFile; fileRef = D2D73E3B251F05C0006896C3 /* HomeHistoryView.swift */; };
		D2D73E49251FDE53006896C3 /* Match.swift in Sources */ = {isa = PBXBuildFile; fileRef = D2D73E48251FDE53006896C3 /* Match.swift */; };
		D2D73E5B251FDFAA006896C3 /* MatchScore.swift in Sources */ = {isa = PBXBuildFile; fileRef = D2D73E5A251FDFAA006896C3 /* MatchScore.swift */; };
		D2D73E61251FDFB2006896C3 /* Workout.swift in Sources */ = {isa = PBXBuildFile; fileRef = D2D73E60251FDFB2006896C3 /* Workout.swift */; };
		D2D73E68251FDFD7006896C3 /* MatchSetting.swift in Sources */ = {isa = PBXBuildFile; fileRef = D2D73E67251FDFD7006896C3 /* MatchSetting.swift */; };
		D2D73E72251FE119006896C3 /* existing.swift in Sources */ = {isa = PBXBuildFile; fileRef = D2D73E71251FE119006896C3 /* existing.swift */; };
		D2D73E81251FE33E006896C3 /* Store.swift in Sources */ = {isa = PBXBuildFile; fileRef = D2D73E80251FE33D006896C3 /* Store.swift */; };
		D2D73E87251FE36F006896C3 /* Store+Binding.swift in Sources */ = {isa = PBXBuildFile; fileRef = D2D73E86251FE36F006896C3 /* Store+Binding.swift */; };
		D2D73EAA251FE547006896C3 /* WorkoutManager.swift in Sources */ = {isa = PBXBuildFile; fileRef = D20C55D2251C046D00107FBD /* WorkoutManager.swift */; };
		D2D73EAF251FE55A006896C3 /* Workout.swift in Sources */ = {isa = PBXBuildFile; fileRef = D2D73E60251FDFB2006896C3 /* Workout.swift */; };
		D2D73EB0251FE55A006896C3 /* Match.swift in Sources */ = {isa = PBXBuildFile; fileRef = D2D73E48251FDE53006896C3 /* Match.swift */; };
		D2D73EB1251FE55A006896C3 /* MatchSetting.swift in Sources */ = {isa = PBXBuildFile; fileRef = D2D73E67251FDFD7006896C3 /* MatchSetting.swift */; };
		D2D73EB2251FE55A006896C3 /* MatchScore.swift in Sources */ = {isa = PBXBuildFile; fileRef = D2D73E5A251FDFAA006896C3 /* MatchScore.swift */; };
		D2F35DDB2519A5B400739463 /* MatchHistoryList.swift in Sources */ = {isa = PBXBuildFile; fileRef = D2F35DD62519A55900739463 /* MatchHistoryList.swift */; };
		D2F35DE5251A379D00739463 /* MatchSummaryView.swift in Sources */ = {isa = PBXBuildFile; fileRef = D2F35DE4251A379D00739463 /* MatchSummaryView.swift */; };
		D2F35DF5251A41F500739463 /* MatchSettingsFormView.swift in Sources */ = {isa = PBXBuildFile; fileRef = D2F35DF4251A41F500739463 /* MatchSettingsFormView.swift */; };
		D2F35E07251A454700739463 /* MatchSettingsFormView.swift in Sources */ = {isa = PBXBuildFile; fileRef = D2F35DF4251A41F500739463 /* MatchSettingsFormView.swift */; };
		D2F35E0D251A497200739463 /* SettingsView.swift in Sources */ = {isa = PBXBuildFile; fileRef = D2F35E0C251A497200739463 /* SettingsView.swift */; };
		D2F35E12251A4D0100739463 /* SettingsView.swift in Sources */ = {isa = PBXBuildFile; fileRef = D2F35E0C251A497200739463 /* SettingsView.swift */; };
/* End PBXBuildFile section */

/* Begin PBXContainerItemProxy section */
		D23F762C25198AB7006BF603 /* PBXContainerItemProxy */ = {
			isa = PBXContainerItemProxy;
			containerPortal = D23F75FE25198A87006BF603 /* Project object */;
			proxyType = 1;
			remoteGlobalIDString = D23F762925198AB7006BF603;
			remoteInfo = "TopSpinWatch WatchKit Extension";
		};
		D27978AF251CED0800771DB9 /* PBXContainerItemProxy */ = {
			isa = PBXContainerItemProxy;
			containerPortal = D23F75FE25198A87006BF603 /* Project object */;
			proxyType = 1;
			remoteGlobalIDString = D23F760525198A87006BF603;
			remoteInfo = TopSpin;
		};
		D2BCC691252004D10032CC23 /* PBXContainerItemProxy */ = {
			isa = PBXContainerItemProxy;
			containerPortal = D23F75FE25198A87006BF603 /* Project object */;
			proxyType = 1;
			remoteGlobalIDString = D23F761D25198AB5006BF603;
			remoteInfo = "TopSpinWatch WatchKit App";
		};
/* End PBXContainerItemProxy section */

/* Begin PBXCopyFilesBuildPhase section */
		D23F763E25198AB8006BF603 /* Embed App Extensions */ = {
			isa = PBXCopyFilesBuildPhase;
			buildActionMask = 2147483647;
			dstPath = "";
			dstSubfolderSpec = 13;
			files = (
				D23F762B25198AB7006BF603 /* TopSpinWatch WatchKit Extension.appex in Embed App Extensions */,
			);
			name = "Embed App Extensions";
			runOnlyForDeploymentPostprocessing = 0;
		};
		D2797951251D931A00771DB9 /* Embed Watch Content */ = {
			isa = PBXCopyFilesBuildPhase;
			buildActionMask = 2147483647;
			dstPath = "$(CONTENTS_FOLDER_PATH)/Watch";
			dstSubfolderSpec = 16;
			files = (
			);
			name = "Embed Watch Content";
			runOnlyForDeploymentPostprocessing = 0;
		};
/* End PBXCopyFilesBuildPhase section */

/* Begin PBXFileReference section */
		D20C55D2251C046D00107FBD /* WorkoutManager.swift */ = {isa = PBXFileReference; fileEncoding = 4; lastKnownFileType = sourcecode.swift; path = WorkoutManager.swift; sourceTree = "<group>"; };
		D20C55D8251C04E000107FBD /* RallyMatchConfigurable.swift */ = {isa = PBXFileReference; fileEncoding = 4; lastKnownFileType = sourcecode.swift; path = RallyMatchConfigurable.swift; sourceTree = "<group>"; };
		D20C55D9251C04E000107FBD /* RallyMatchController.swift */ = {isa = PBXFileReference; fileEncoding = 4; lastKnownFileType = sourcecode.swift; path = RallyMatchController.swift; sourceTree = "<group>"; };
		D20C55E1251C04EE00107FBD /* RallyTeam.swift */ = {isa = PBXFileReference; fileEncoding = 4; lastKnownFileType = sourcecode.swift; path = RallyTeam.swift; sourceTree = "<group>"; };
		D2227EFA251E3154009DD539 /* MatchSettingsPickerView.swift */ = {isa = PBXFileReference; lastKnownFileType = sourcecode.swift; path = MatchSettingsPickerView.swift; sourceTree = "<group>"; };
		D23CCB64251AD634002EBE72 /* Match+Extensions.swift */ = {isa = PBXFileReference; lastKnownFileType = sourcecode.swift; path = "Match+Extensions.swift"; sourceTree = "<group>"; };
		D23CCB8C251ADEC2002EBE72 /* HorizontalSummaryView.swift */ = {isa = PBXFileReference; lastKnownFileType = sourcecode.swift; path = HorizontalSummaryView.swift; sourceTree = "<group>"; };
		D23CCB9F251B8AE3002EBE72 /* HistoryWorkoutMetricView.swift */ = {isa = PBXFileReference; lastKnownFileType = sourcecode.swift; path = HistoryWorkoutMetricView.swift; sourceTree = "<group>"; };
		D23CCBA5251B8B2C002EBE72 /* MatchHistoryScoreView.swift */ = {isa = PBXFileReference; lastKnownFileType = sourcecode.swift; path = MatchHistoryScoreView.swift; sourceTree = "<group>"; };
		D23CCBAB251B8DBE002EBE72 /* MatchStorage.swift */ = {isa = PBXFileReference; lastKnownFileType = sourcecode.swift; path = MatchStorage.swift; sourceTree = "<group>"; };
		D23CCBC4251BA65B002EBE72 /* SettingStorage.swift */ = {isa = PBXFileReference; lastKnownFileType = sourcecode.swift; path = SettingStorage.swift; sourceTree = "<group>"; };
		D23F760625198A87006BF603 /* TopSpin.app */ = {isa = PBXFileReference; explicitFileType = wrapper.application; includeInIndex = 0; path = TopSpin.app; sourceTree = BUILT_PRODUCTS_DIR; };
		D23F760925198A87006BF603 /* TopSpinApp.swift */ = {isa = PBXFileReference; lastKnownFileType = sourcecode.swift; path = TopSpinApp.swift; sourceTree = "<group>"; };
		D23F760B25198A87006BF603 /* ContentView.swift */ = {isa = PBXFileReference; lastKnownFileType = sourcecode.swift; path = ContentView.swift; sourceTree = "<group>"; };
		D23F760D25198A89006BF603 /* Assets.xcassets */ = {isa = PBXFileReference; lastKnownFileType = folder.assetcatalog; path = Assets.xcassets; sourceTree = "<group>"; };
		D23F761025198A89006BF603 /* Preview Assets.xcassets */ = {isa = PBXFileReference; lastKnownFileType = folder.assetcatalog; path = "Preview Assets.xcassets"; sourceTree = "<group>"; };
		D23F761225198A89006BF603 /* Info.plist */ = {isa = PBXFileReference; lastKnownFileType = text.plist.xml; path = Info.plist; sourceTree = "<group>"; };
		D23F761E25198AB5006BF603 /* TopSpinWatch WatchKit App.app */ = {isa = PBXFileReference; explicitFileType = wrapper.application; includeInIndex = 0; path = "TopSpinWatch WatchKit App.app"; sourceTree = BUILT_PRODUCTS_DIR; };
		D23F762325198AB7006BF603 /* Assets.xcassets */ = {isa = PBXFileReference; lastKnownFileType = folder.assetcatalog; path = Assets.xcassets; sourceTree = "<group>"; };
		D23F762525198AB7006BF603 /* Info.plist */ = {isa = PBXFileReference; lastKnownFileType = text.plist.xml; path = Info.plist; sourceTree = "<group>"; };
		D23F762A25198AB7006BF603 /* TopSpinWatch WatchKit Extension.appex */ = {isa = PBXFileReference; explicitFileType = "wrapper.app-extension"; includeInIndex = 0; path = "TopSpinWatch WatchKit Extension.appex"; sourceTree = BUILT_PRODUCTS_DIR; };
		D23F762F25198AB7006BF603 /* ContentView.swift */ = {isa = PBXFileReference; lastKnownFileType = sourcecode.swift; path = ContentView.swift; sourceTree = "<group>"; };
		D23F763125198AB7006BF603 /* TopSpinApp.swift */ = {isa = PBXFileReference; lastKnownFileType = sourcecode.swift; path = TopSpinApp.swift; sourceTree = "<group>"; };
		D23F763325198AB7006BF603 /* ComplicationController.swift */ = {isa = PBXFileReference; lastKnownFileType = sourcecode.swift; path = ComplicationController.swift; sourceTree = "<group>"; };
		D23F763525198AB8006BF603 /* Assets.xcassets */ = {isa = PBXFileReference; lastKnownFileType = folder.assetcatalog; path = Assets.xcassets; sourceTree = "<group>"; };
		D23F763825198AB8006BF603 /* Preview Assets.xcassets */ = {isa = PBXFileReference; lastKnownFileType = folder.assetcatalog; path = "Preview Assets.xcassets"; sourceTree = "<group>"; };
		D23F763A25198AB8006BF603 /* Info.plist */ = {isa = PBXFileReference; lastKnownFileType = text.plist.xml; path = Info.plist; sourceTree = "<group>"; };
		D23F764A25198AE0006BF603 /* TopSpin.entitlements */ = {isa = PBXFileReference; lastKnownFileType = text.plist.entitlements; path = TopSpin.entitlements; sourceTree = "<group>"; };
		D23F765425198CF5006BF603 /* MatchHistoryList.swift */ = {isa = PBXFileReference; lastKnownFileType = sourcecode.swift; path = MatchHistoryList.swift; sourceTree = "<group>"; };
		D23F766025198D24006BF603 /* MatchHistoryItem.swift */ = {isa = PBXFileReference; lastKnownFileType = sourcecode.swift; path = MatchHistoryItem.swift; sourceTree = "<group>"; };
		D261A863251A662100689252 /* MatchSetupView.swift */ = {isa = PBXFileReference; lastKnownFileType = sourcecode.swift; path = MatchSetupView.swift; sourceTree = "<group>"; };
		D261A86E251A6BC600689252 /* HealthKit.framework */ = {isa = PBXFileReference; lastKnownFileType = wrapper.framework; name = HealthKit.framework; path = System/Library/Frameworks/HealthKit.framework; sourceTree = SDKROOT; };
		D261A875251A6D9300689252 /* MatchWorkoutView.swift */ = {isa = PBXFileReference; lastKnownFileType = sourcecode.swift; path = MatchWorkoutView.swift; sourceTree = "<group>"; };
		D27773CD2521385300F1787A /* SettingsRepository.swift */ = {isa = PBXFileReference; lastKnownFileType = sourcecode.swift; path = SettingsRepository.swift; sourceTree = "<group>"; };
		D27978AA251CED0800771DB9 /* TopSpinTests.xctest */ = {isa = PBXFileReference; explicitFileType = wrapper.cfbundle; includeInIndex = 0; path = TopSpinTests.xctest; sourceTree = BUILT_PRODUCTS_DIR; };
		D27978AC251CED0800771DB9 /* RallyTeamTests.swift */ = {isa = PBXFileReference; lastKnownFileType = sourcecode.swift; path = RallyTeamTests.swift; sourceTree = "<group>"; };
		D27978AE251CED0800771DB9 /* Info.plist */ = {isa = PBXFileReference; lastKnownFileType = text.plist.xml; path = Info.plist; sourceTree = "<group>"; };
		D27978D1251CEDF500771DB9 /* RallyFullMatchTests.swift */ = {isa = PBXFileReference; fileEncoding = 4; lastKnownFileType = sourcecode.swift; path = RallyFullMatchTests.swift; sourceTree = "<group>"; };
		D27978D3251CEDF500771DB9 /* RallyMatchServingTests.swift */ = {isa = PBXFileReference; fileEncoding = 4; lastKnownFileType = sourcecode.swift; path = RallyMatchServingTests.swift; sourceTree = "<group>"; };
		D27978D5251CEDF500771DB9 /* RallyMatchScoringTests.swift */ = {isa = PBXFileReference; fileEncoding = 4; lastKnownFileType = sourcecode.swift; path = RallyMatchScoringTests.swift; sourceTree = "<group>"; };
		D27978D7251CEDF500771DB9 /* RallyMatchOverTests.swift */ = {isa = PBXFileReference; fileEncoding = 4; lastKnownFileType = sourcecode.swift; path = RallyMatchOverTests.swift; sourceTree = "<group>"; };
		D27978D9251CEDF500771DB9 /* StandardSettingsTemplate.swift */ = {isa = PBXFileReference; fileEncoding = 4; lastKnownFileType = sourcecode.swift; path = StandardSettingsTemplate.swift; sourceTree = "<group>"; };
		D27978EE251CF48500771DB9 /* ActiveMatchTabView.swift */ = {isa = PBXFileReference; lastKnownFileType = sourcecode.swift; path = ActiveMatchTabView.swift; sourceTree = "<group>"; };
		D27978F5251CF4E100771DB9 /* HomeTabView.swift */ = {isa = PBXFileReference; lastKnownFileType = sourcecode.swift; path = HomeTabView.swift; sourceTree = "<group>"; };
		D27978FD251CF70E00771DB9 /* StatefulPreviewWrapper.swift */ = {isa = PBXFileReference; lastKnownFileType = sourcecode.swift; path = StatefulPreviewWrapper.swift; sourceTree = "<group>"; };
		D279790F251D00FB00771DB9 /* HealthKit.framework */ = {isa = PBXFileReference; lastKnownFileType = wrapper.framework; name = HealthKit.framework; path = Platforms/WatchOS.platform/Developer/SDKs/WatchOS7.0.sdk/System/Library/Frameworks/HealthKit.framework; sourceTree = DEVELOPER_DIR; };
		D2801F4D25199BCC00E85E90 /* HistorySummaryView.swift */ = {isa = PBXFileReference; lastKnownFileType = sourcecode.swift; path = HistorySummaryView.swift; sourceTree = "<group>"; };
		D2A713FD2524215E008F053D /* Reducer.swift */ = {isa = PBXFileReference; lastKnownFileType = sourcecode.swift; path = Reducer.swift; sourceTree = "<group>"; };
		D2A71408252421AA008F053D /* SettingReducer.swift */ = {isa = PBXFileReference; lastKnownFileType = sourcecode.swift; path = SettingReducer.swift; sourceTree = "<group>"; };
		D2A714172524227A008F053D /* MatchHistoryReducer.swift */ = {isa = PBXFileReference; lastKnownFileType = sourcecode.swift; path = MatchHistoryReducer.swift; sourceTree = "<group>"; };
		D2A71422252422D2008F053D /* AppStore.swift */ = {isa = PBXFileReference; lastKnownFileType = sourcecode.swift; path = AppStore.swift; sourceTree = "<group>"; };
		D2A71446252426D7008F053D /* MatchHistoryReducer.swift */ = {isa = PBXFileReference; lastKnownFileType = sourcecode.swift; path = MatchHistoryReducer.swift; sourceTree = "<group>"; };
		D2A7144C25242703008F053D /* MatchSettingsReducer.swift */ = {isa = PBXFileReference; lastKnownFileType = sourcecode.swift; path = MatchSettingsReducer.swift; sourceTree = "<group>"; };
		D2A7145225242755008F053D /* WorkoutReducer.swift */ = {isa = PBXFileReference; lastKnownFileType = sourcecode.swift; path = WorkoutReducer.swift; sourceTree = "<group>"; };
		D2A7145C2524278E008F053D /* AppStore.swift */ = {isa = PBXFileReference; lastKnownFileType = sourcecode.swift; path = AppStore.swift; sourceTree = "<group>"; };
		D2B01F01251ED201002E8E74 /* HeartRatesView.swift */ = {isa = PBXFileReference; lastKnownFileType = sourcecode.swift; path = HeartRatesView.swift; sourceTree = "<group>"; };
		D2B01F0C251ED2A2002E8E74 /* HeartRateValueView.swift */ = {isa = PBXFileReference; lastKnownFileType = sourcecode.swift; path = HeartRateValueView.swift; sourceTree = "<group>"; };
		D2B279BA251EB97F0007FF3F /* WorkoutMetricContent.swift */ = {isa = PBXFileReference; lastKnownFileType = sourcecode.swift; path = WorkoutMetricContent.swift; sourceTree = "<group>"; };
		D2B279C2251EB9B30007FF3F /* HorizontalIconView.swift */ = {isa = PBXFileReference; lastKnownFileType = sourcecode.swift; path = HorizontalIconView.swift; sourceTree = "<group>"; };
		D2B279CD251EC25F0007FF3F /* HistoryEmptyView.swift */ = {isa = PBXFileReference; lastKnownFileType = sourcecode.swift; path = HistoryEmptyView.swift; sourceTree = "<group>"; };
		D2B279E5251EC3C80007FF3F /* LargeMetricView.swift */ = {isa = PBXFileReference; lastKnownFileType = sourcecode.swift; path = LargeMetricView.swift; sourceTree = "<group>"; };
		D2B279EC251EC5450007FF3F /* MatchSummaryScoreView.swift */ = {isa = PBXFileReference; lastKnownFileType = sourcecode.swift; path = MatchSummaryScoreView.swift; sourceTree = "<group>"; };
		D2B74D5E251A931700D1004B /* ActiveMatchSwipeView.swift */ = {isa = PBXFileReference; lastKnownFileType = sourcecode.swift; path = ActiveMatchSwipeView.swift; sourceTree = "<group>"; };
		D2B74D68251AA49B00D1004B /* ActiveMatchView.swift */ = {isa = PBXFileReference; lastKnownFileType = sourcecode.swift; path = ActiveMatchView.swift; sourceTree = "<group>"; };
		D2B74D90251ABD0C00D1004B /* Persistance.swift */ = {isa = PBXFileReference; lastKnownFileType = sourcecode.swift; path = Persistance.swift; sourceTree = "<group>"; };
		D2B74D9F251ABDE400D1004B /* CloudKit.framework */ = {isa = PBXFileReference; lastKnownFileType = wrapper.framework; name = CloudKit.framework; path = System/Library/Frameworks/CloudKit.framework; sourceTree = SDKROOT; };
		D2B74DA1251ABE0C00D1004B /* TopSpinWatch WatchKit Extension.entitlements */ = {isa = PBXFileReference; lastKnownFileType = text.plist.entitlements; path = "TopSpinWatch WatchKit Extension.entitlements"; sourceTree = "<group>"; };
		D2B74DA6251ABE1000D1004B /* CloudKit.framework */ = {isa = PBXFileReference; lastKnownFileType = wrapper.framework; name = CloudKit.framework; path = Platforms/WatchOS.platform/Developer/SDKs/WatchOS7.0.sdk/System/Library/Frameworks/CloudKit.framework; sourceTree = DEVELOPER_DIR; };
		D2B74DAA251ABEA800D1004B /* TopSpin.xcdatamodel */ = {isa = PBXFileReference; lastKnownFileType = wrapper.xcdatamodel; path = TopSpin.xcdatamodel; sourceTree = "<group>"; };
		D2BCC6AB2520053C0032CC23 /* AppEnvironment.swift */ = {isa = PBXFileReference; lastKnownFileType = sourcecode.swift; path = AppEnvironment.swift; sourceTree = "<group>"; };
		D2D73E1A251ED74D006896C3 /* MatchTimelineView.swift */ = {isa = PBXFileReference; lastKnownFileType = sourcecode.swift; path = MatchTimelineView.swift; sourceTree = "<group>"; };
		D2D73E29251EF398006896C3 /* FloatingLiveWorkoutView.swift */ = {isa = PBXFileReference; lastKnownFileType = sourcecode.swift; path = FloatingLiveWorkoutView.swift; sourceTree = "<group>"; };
		D2D73E34251EFA4B006896C3 /* LiveMatchView.swift */ = {isa = PBXFileReference; lastKnownFileType = sourcecode.swift; path = LiveMatchView.swift; sourceTree = "<group>"; };
		D2D73E3B251F05C0006896C3 /* HomeHistoryView.swift */ = {isa = PBXFileReference; lastKnownFileType = sourcecode.swift; path = HomeHistoryView.swift; sourceTree = "<group>"; };
		D2D73E48251FDE53006896C3 /* Match.swift */ = {isa = PBXFileReference; lastKnownFileType = sourcecode.swift; path = Match.swift; sourceTree = "<group>"; };
		D2D73E5A251FDFAA006896C3 /* MatchScore.swift */ = {isa = PBXFileReference; lastKnownFileType = sourcecode.swift; path = MatchScore.swift; sourceTree = "<group>"; };
		D2D73E60251FDFB2006896C3 /* Workout.swift */ = {isa = PBXFileReference; lastKnownFileType = sourcecode.swift; path = Workout.swift; sourceTree = "<group>"; };
		D2D73E67251FDFD7006896C3 /* MatchSetting.swift */ = {isa = PBXFileReference; lastKnownFileType = sourcecode.swift; path = MatchSetting.swift; sourceTree = "<group>"; };
		D2D73E71251FE119006896C3 /* existing.swift */ = {isa = PBXFileReference; lastKnownFileType = sourcecode.swift; path = existing.swift; sourceTree = "<group>"; };
		D2D73E80251FE33D006896C3 /* Store.swift */ = {isa = PBXFileReference; fileEncoding = 4; lastKnownFileType = sourcecode.swift; path = Store.swift; sourceTree = "<group>"; };
		D2D73E86251FE36F006896C3 /* Store+Binding.swift */ = {isa = PBXFileReference; lastKnownFileType = sourcecode.swift; path = "Store+Binding.swift"; sourceTree = "<group>"; };
		D2D73E8C251FE3FF006896C3 /* AppEnvironment.swift */ = {isa = PBXFileReference; lastKnownFileType = sourcecode.swift; path = AppEnvironment.swift; sourceTree = "<group>"; };
		D2F35DD62519A55900739463 /* MatchHistoryList.swift */ = {isa = PBXFileReference; lastKnownFileType = sourcecode.swift; path = MatchHistoryList.swift; sourceTree = "<group>"; };
		D2F35DE4251A379D00739463 /* MatchSummaryView.swift */ = {isa = PBXFileReference; lastKnownFileType = sourcecode.swift; path = MatchSummaryView.swift; sourceTree = "<group>"; };
		D2F35DF4251A41F500739463 /* MatchSettingsFormView.swift */ = {isa = PBXFileReference; lastKnownFileType = sourcecode.swift; path = MatchSettingsFormView.swift; sourceTree = "<group>"; };
		D2F35E0C251A497200739463 /* SettingsView.swift */ = {isa = PBXFileReference; lastKnownFileType = sourcecode.swift; path = SettingsView.swift; sourceTree = "<group>"; };
/* End PBXFileReference section */

/* Begin PBXFrameworksBuildPhase section */
		D23F760325198A87006BF603 /* Frameworks */ = {
			isa = PBXFrameworksBuildPhase;
			buildActionMask = 2147483647;
			files = (
				D261A86F251A6BC600689252 /* HealthKit.framework in Frameworks */,
				D2B74DA0251ABDE400D1004B /* CloudKit.framework in Frameworks */,
			);
			runOnlyForDeploymentPostprocessing = 0;
		};
		D23F762725198AB7006BF603 /* Frameworks */ = {
			isa = PBXFrameworksBuildPhase;
			buildActionMask = 2147483647;
			files = (
				D2B74DA7251ABE1000D1004B /* CloudKit.framework in Frameworks */,
				D2797910251D00FB00771DB9 /* HealthKit.framework in Frameworks */,
			);
			runOnlyForDeploymentPostprocessing = 0;
		};
		D27978A7251CED0800771DB9 /* Frameworks */ = {
			isa = PBXFrameworksBuildPhase;
			buildActionMask = 2147483647;
			files = (
			);
			runOnlyForDeploymentPostprocessing = 0;
		};
/* End PBXFrameworksBuildPhase section */

/* Begin PBXGroup section */
		D20C55FD251CEC7F00107FBD /* Rally */ = {
			isa = PBXGroup;
			children = (
				D20C55E1251C04EE00107FBD /* RallyTeam.swift */,
				D20C55D8251C04E000107FBD /* RallyMatchConfigurable.swift */,
				D20C55D9251C04E000107FBD /* RallyMatchController.swift */,
			);
			path = Rally;
			sourceTree = "<group>";
		};
		D20C55FE251CEC8800107FBD /* Workout */ = {
			isa = PBXGroup;
			children = (
				D20C55D2251C046D00107FBD /* WorkoutManager.swift */,
			);
			path = Workout;
			sourceTree = "<group>";
		};
		D23CCB63251AD625002EBE72 /* Models */ = {
			isa = PBXGroup;
			children = (
				D23CCB64251AD634002EBE72 /* Match+Extensions.swift */,
			);
			path = Models;
			sourceTree = "<group>";
		};
		D23F75FD25198A87006BF603 = {
			isa = PBXGroup;
			children = (
				D23F764F25198AF8006BF603 /* Shared */,
				D23F760825198A87006BF603 /* TopSpin */,
				D23F762225198AB5006BF603 /* TopSpinWatch WatchKit App */,
				D23F762E25198AB7006BF603 /* TopSpinWatch WatchKit Extension */,
				D27978AB251CED0800771DB9 /* TopSpinTests */,
				D23F760725198A87006BF603 /* Products */,
				D261A86D251A6BC600689252 /* Frameworks */,
			);
			sourceTree = "<group>";
		};
		D23F760725198A87006BF603 /* Products */ = {
			isa = PBXGroup;
			children = (
				D23F760625198A87006BF603 /* TopSpin.app */,
				D23F761E25198AB5006BF603 /* TopSpinWatch WatchKit App.app */,
				D23F762A25198AB7006BF603 /* TopSpinWatch WatchKit Extension.appex */,
				D27978AA251CED0800771DB9 /* TopSpinTests.xctest */,
			);
			name = Products;
			sourceTree = "<group>";
		};
		D23F760825198A87006BF603 /* TopSpin */ = {
			isa = PBXGroup;
			children = (
				D27773BF252132BF00F1787A /* App */,
				D23F764A25198AE0006BF603 /* TopSpin.entitlements */,
				D23F760925198A87006BF603 /* TopSpinApp.swift */,
				D23F760B25198A87006BF603 /* ContentView.swift */,
				D23F760D25198A89006BF603 /* Assets.xcassets */,
				D23F761225198A89006BF603 /* Info.plist */,
				D23F760F25198A89006BF603 /* Preview Content */,
			);
			path = TopSpin;
			sourceTree = "<group>";
		};
		D23F760F25198A89006BF603 /* Preview Content */ = {
			isa = PBXGroup;
			children = (
				D23F761025198A89006BF603 /* Preview Assets.xcassets */,
			);
			path = "Preview Content";
			sourceTree = "<group>";
		};
		D23F762225198AB5006BF603 /* TopSpinWatch WatchKit App */ = {
			isa = PBXGroup;
			children = (
				D23F762325198AB7006BF603 /* Assets.xcassets */,
				D23F762525198AB7006BF603 /* Info.plist */,
			);
			path = "TopSpinWatch WatchKit App";
			sourceTree = "<group>";
		};
		D23F762E25198AB7006BF603 /* TopSpinWatch WatchKit Extension */ = {
			isa = PBXGroup;
			children = (
				D2BCC69B252004F00032CC23 /* App */,
				D2B74DA1251ABE0C00D1004B /* TopSpinWatch WatchKit Extension.entitlements */,
				D2F35DD42519A54D00739463 /* Views */,
				D23F762F25198AB7006BF603 /* ContentView.swift */,
				D23F763125198AB7006BF603 /* TopSpinApp.swift */,
				D23F763325198AB7006BF603 /* ComplicationController.swift */,
				D23F763525198AB8006BF603 /* Assets.xcassets */,
				D23F763A25198AB8006BF603 /* Info.plist */,
				D23F763725198AB8006BF603 /* Preview Content */,
			);
			path = "TopSpinWatch WatchKit Extension";
			sourceTree = "<group>";
		};
		D23F763725198AB8006BF603 /* Preview Content */ = {
			isa = PBXGroup;
			children = (
				D23F763825198AB8006BF603 /* Preview Assets.xcassets */,
			);
			path = "Preview Content";
			sourceTree = "<group>";
		};
		D23F764F25198AF8006BF603 /* Shared */ = {
			isa = PBXGroup;
			children = (
				D27773CC2521384200F1787A /* Repository */,
				D2D73E7F251FE33D006896C3 /* App */,
				D2D73E47251FDE47006896C3 /* Models */,
				D2D73E33251EFA2A006896C3 /* LiveMatchView */,
				D2B279DC251EC3740007FF3F /* Summary */,
				D2B279C1251EB9A50007FF3F /* Views */,
				D2B279B8251EB8DD0007FF3F /* HistorySummary */,
				D27978FC251CF6F500771DB9 /* Utility */,
				D2B74D8F251ABD0000D1004B /* Persistance */,
				D2B279A8251EA49F0007FF3F /* SettingsForm */,
				D2F35DF3251A41E400739463 /* Settings */,
				D2D73E3A251F05AE006896C3 /* Home */,
				D23F765A25198D01006BF603 /* History */,
			);
			path = Shared;
			sourceTree = "<group>";
		};
		D23F765A25198D01006BF603 /* History */ = {
			isa = PBXGroup;
			children = (
				D2B279B9251EB9630007FF3F /* HistoryMetric */,
				D23F765425198CF5006BF603 /* MatchHistoryList.swift */,
				D23F766025198D24006BF603 /* MatchHistoryItem.swift */,
				D23CCBA5251B8B2C002EBE72 /* MatchHistoryScoreView.swift */,
				D2B279CD251EC25F0007FF3F /* HistoryEmptyView.swift */,
			);
			path = History;
			sourceTree = "<group>";
		};
		D261A862251A660900689252 /* MatchStart */ = {
			isa = PBXGroup;
			children = (
				D261A863251A662100689252 /* MatchSetupView.swift */,
			);
			path = MatchStart;
			sourceTree = "<group>";
		};
		D261A86D251A6BC600689252 /* Frameworks */ = {
			isa = PBXGroup;
			children = (
				D279790F251D00FB00771DB9 /* HealthKit.framework */,
				D2B74DA6251ABE1000D1004B /* CloudKit.framework */,
				D2B74D9F251ABDE400D1004B /* CloudKit.framework */,
				D261A86E251A6BC600689252 /* HealthKit.framework */,
			);
			name = Frameworks;
			sourceTree = "<group>";
		};
		D261A874251A6D8400689252 /* MatchWorkout */ = {
			isa = PBXGroup;
			children = (
				D261A875251A6D9300689252 /* MatchWorkoutView.swift */,
			);
			path = MatchWorkout;
			sourceTree = "<group>";
		};
		D27773BF252132BF00F1787A /* App */ = {
			isa = PBXGroup;
			children = (
				D2D73E8C251FE3FF006896C3 /* AppEnvironment.swift */,
				D2A71422252422D2008F053D /* AppStore.swift */,
				D2A714172524227A008F053D /* MatchHistoryReducer.swift */,
			);
			path = App;
			sourceTree = "<group>";
		};
		D27773CC2521384200F1787A /* Repository */ = {
			isa = PBXGroup;
			children = (
				D27773CD2521385300F1787A /* SettingsRepository.swift */,
			);
			path = Repository;
			sourceTree = "<group>";
		};
		D27978AB251CED0800771DB9 /* TopSpinTests */ = {
			isa = PBXGroup;
			children = (
				D27978D6251CEDF500771DB9 /* MatchOver */,
				D27978D1251CEDF500771DB9 /* RallyFullMatchTests.swift */,
				D27978D4251CEDF500771DB9 /* Scoring */,
				D27978D2251CEDF500771DB9 /* Serving */,
				D27978D8251CEDF500771DB9 /* Templates */,
				D27978C1251CED6C00771DB9 /* RallyTests */,
				D27978AE251CED0800771DB9 /* Info.plist */,
			);
			path = TopSpinTests;
			sourceTree = "<group>";
		};
		D27978C1251CED6C00771DB9 /* RallyTests */ = {
			isa = PBXGroup;
			children = (
				D27978AC251CED0800771DB9 /* RallyTeamTests.swift */,
			);
			path = RallyTests;
			sourceTree = "<group>";
		};
		D27978D2251CEDF500771DB9 /* Serving */ = {
			isa = PBXGroup;
			children = (
				D27978D3251CEDF500771DB9 /* RallyMatchServingTests.swift */,
			);
			path = Serving;
			sourceTree = "<group>";
		};
		D27978D4251CEDF500771DB9 /* Scoring */ = {
			isa = PBXGroup;
			children = (
				D27978D5251CEDF500771DB9 /* RallyMatchScoringTests.swift */,
			);
			path = Scoring;
			sourceTree = "<group>";
		};
		D27978D6251CEDF500771DB9 /* MatchOver */ = {
			isa = PBXGroup;
			children = (
				D27978D7251CEDF500771DB9 /* RallyMatchOverTests.swift */,
			);
			path = MatchOver;
			sourceTree = "<group>";
		};
		D27978D8251CEDF500771DB9 /* Templates */ = {
			isa = PBXGroup;
			children = (
				D27978D9251CEDF500771DB9 /* StandardSettingsTemplate.swift */,
			);
			path = Templates;
			sourceTree = "<group>";
		};
		D27978FC251CF6F500771DB9 /* Utility */ = {
			isa = PBXGroup;
			children = (
				D20C55FD251CEC7F00107FBD /* Rally */,
				D20C55FE251CEC8800107FBD /* Workout */,
				D27978FD251CF70E00771DB9 /* StatefulPreviewWrapper.swift */,
			);
			path = Utility;
			sourceTree = "<group>";
		};
		D2B279A8251EA49F0007FF3F /* SettingsForm */ = {
			isa = PBXGroup;
			children = (
				D2F35DF4251A41F500739463 /* MatchSettingsFormView.swift */,
			);
			path = SettingsForm;
			sourceTree = "<group>";
		};
		D2B279B8251EB8DD0007FF3F /* HistorySummary */ = {
			isa = PBXGroup;
			children = (
				D2801F4D25199BCC00E85E90 /* HistorySummaryView.swift */,
				D23CCB8C251ADEC2002EBE72 /* HorizontalSummaryView.swift */,
			);
			path = HistorySummary;
			sourceTree = "<group>";
		};
		D2B279B9251EB9630007FF3F /* HistoryMetric */ = {
			isa = PBXGroup;
			children = (
				D23CCB9F251B8AE3002EBE72 /* HistoryWorkoutMetricView.swift */,
				D2B279BA251EB97F0007FF3F /* WorkoutMetricContent.swift */,
			);
			path = HistoryMetric;
			sourceTree = "<group>";
		};
		D2B279C1251EB9A50007FF3F /* Views */ = {
			isa = PBXGroup;
			children = (
				D2D73E28251EF379006896C3 /* FloatingLiveWorkoutView */,
				D2D73E19251ED739006896C3 /* MatchTimeline */,
				D2D73E0F251ED312006896C3 /* HeartRate */,
				D2B279C2251EB9B30007FF3F /* HorizontalIconView.swift */,
				D2B279E5251EC3C80007FF3F /* LargeMetricView.swift */,
			);
			path = Views;
			sourceTree = "<group>";
		};
		D2B279DC251EC3740007FF3F /* Summary */ = {
			isa = PBXGroup;
			children = (
				D2F35DE4251A379D00739463 /* MatchSummaryView.swift */,
				D2B279EC251EC5450007FF3F /* MatchSummaryScoreView.swift */,
			);
			path = Summary;
			sourceTree = "<group>";
		};
		D2B74D5D251A930D00D1004B /* ActiveMatch */ = {
			isa = PBXGroup;
			children = (
				D2B74D5E251A931700D1004B /* ActiveMatchSwipeView.swift */,
				D2B74D68251AA49B00D1004B /* ActiveMatchView.swift */,
			);
			path = ActiveMatch;
			sourceTree = "<group>";
		};
		D2B74D8F251ABD0000D1004B /* Persistance */ = {
			isa = PBXGroup;
			children = (
				D23CCB63251AD625002EBE72 /* Models */,
				D2B74D90251ABD0C00D1004B /* Persistance.swift */,
				D2B74DA9251ABEA800D1004B /* TopSpin.xcdatamodeld */,
				D23CCBAB251B8DBE002EBE72 /* MatchStorage.swift */,
				D23CCBC4251BA65B002EBE72 /* SettingStorage.swift */,
			);
			path = Persistance;
			sourceTree = "<group>";
		};
		D2BCC69B252004F00032CC23 /* App */ = {
			isa = PBXGroup;
			children = (
				D2BCC6AB2520053C0032CC23 /* AppEnvironment.swift */,
				D2A71446252426D7008F053D /* MatchHistoryReducer.swift */,
				D2A7144C25242703008F053D /* MatchSettingsReducer.swift */,
				D2A7145225242755008F053D /* WorkoutReducer.swift */,
				D2A7145C2524278E008F053D /* AppStore.swift */,
			);
			path = App;
			sourceTree = "<group>";
		};
		D2D73E0F251ED312006896C3 /* HeartRate */ = {
			isa = PBXGroup;
			children = (
				D2B01F01251ED201002E8E74 /* HeartRatesView.swift */,
				D2B01F0C251ED2A2002E8E74 /* HeartRateValueView.swift */,
			);
			path = HeartRate;
			sourceTree = "<group>";
		};
		D2D73E19251ED739006896C3 /* MatchTimeline */ = {
			isa = PBXGroup;
			children = (
				D2D73E1A251ED74D006896C3 /* MatchTimelineView.swift */,
			);
			path = MatchTimeline;
			sourceTree = "<group>";
		};
		D2D73E28251EF379006896C3 /* FloatingLiveWorkoutView */ = {
			isa = PBXGroup;
			children = (
				D2D73E29251EF398006896C3 /* FloatingLiveWorkoutView.swift */,
			);
			path = FloatingLiveWorkoutView;
			sourceTree = "<group>";
		};
		D2D73E33251EFA2A006896C3 /* LiveMatchView */ = {
			isa = PBXGroup;
			children = (
				D2D73E34251EFA4B006896C3 /* LiveMatchView.swift */,
			);
			path = LiveMatchView;
			sourceTree = "<group>";
		};
		D2D73E3A251F05AE006896C3 /* Home */ = {
			isa = PBXGroup;
			children = (
				D2D73E3B251F05C0006896C3 /* HomeHistoryView.swift */,
			);
			path = Home;
			sourceTree = "<group>";
		};
		D2D73E47251FDE47006896C3 /* Models */ = {
			isa = PBXGroup;
			children = (
				D2D73E48251FDE53006896C3 /* Match.swift */,
				D2D73E5A251FDFAA006896C3 /* MatchScore.swift */,
				D2D73E60251FDFB2006896C3 /* Workout.swift */,
				D2D73E67251FDFD7006896C3 /* MatchSetting.swift */,
				D2D73E71251FE119006896C3 /* existing.swift */,
			);
			path = Models;
			sourceTree = "<group>";
		};
		D2D73E7F251FE33D006896C3 /* App */ = {
			isa = PBXGroup;
			children = (
				D2A71408252421AA008F053D /* SettingReducer.swift */,
				D2D73E80251FE33D006896C3 /* Store.swift */,
				D2A713FD2524215E008F053D /* Reducer.swift */,
				D2D73E86251FE36F006896C3 /* Store+Binding.swift */,
			);
			path = App;
			sourceTree = "<group>";
		};
		D2F35DD42519A54D00739463 /* Views */ = {
			isa = PBXGroup;
			children = (
				D2B74D5D251A930D00D1004B /* ActiveMatch */,
				D261A874251A6D8400689252 /* MatchWorkout */,
				D261A862251A660900689252 /* MatchStart */,
				D2F35DD52519A55200739463 /* History */,
				D27978EE251CF48500771DB9 /* ActiveMatchTabView.swift */,
				D27978F5251CF4E100771DB9 /* HomeTabView.swift */,
			);
			path = Views;
			sourceTree = "<group>";
		};
		D2F35DD52519A55200739463 /* History */ = {
			isa = PBXGroup;
			children = (
				D2F35DD62519A55900739463 /* MatchHistoryList.swift */,
			);
			path = History;
			sourceTree = "<group>";
		};
		D2F35DF3251A41E400739463 /* Settings */ = {
			isa = PBXGroup;
			children = (
				D2F35E0C251A497200739463 /* SettingsView.swift */,
				D2227EFA251E3154009DD539 /* MatchSettingsPickerView.swift */,
			);
			path = Settings;
			sourceTree = "<group>";
		};
/* End PBXGroup section */

/* Begin PBXNativeTarget section */
		D23F760525198A87006BF603 /* TopSpin */ = {
			isa = PBXNativeTarget;
			buildConfigurationList = D23F761525198A89006BF603 /* Build configuration list for PBXNativeTarget "TopSpin" */;
			buildPhases = (
				D23F760225198A87006BF603 /* Sources */,
				D23F760325198A87006BF603 /* Frameworks */,
				D23F760425198A87006BF603 /* Resources */,
				D2797951251D931A00771DB9 /* Embed Watch Content */,
			);
			buildRules = (
			);
			dependencies = (
				D2BCC692252004D10032CC23 /* PBXTargetDependency */,
			);
			name = TopSpin;
			productName = TopSpin;
			productReference = D23F760625198A87006BF603 /* TopSpin.app */;
			productType = "com.apple.product-type.application";
		};
		D23F761D25198AB5006BF603 /* TopSpinWatch WatchKit App */ = {
			isa = PBXNativeTarget;
			buildConfigurationList = D23F763F25198AB8006BF603 /* Build configuration list for PBXNativeTarget "TopSpinWatch WatchKit App" */;
			buildPhases = (
				D23F761C25198AB5006BF603 /* Resources */,
				D23F763E25198AB8006BF603 /* Embed App Extensions */,
			);
			buildRules = (
			);
			dependencies = (
				D23F762D25198AB7006BF603 /* PBXTargetDependency */,
			);
			name = "TopSpinWatch WatchKit App";
			productName = "TopSpinWatch WatchKit App";
			productReference = D23F761E25198AB5006BF603 /* TopSpinWatch WatchKit App.app */;
			productType = "com.apple.product-type.application.watchapp2";
		};
		D23F762925198AB7006BF603 /* TopSpinWatch WatchKit Extension */ = {
			isa = PBXNativeTarget;
			buildConfigurationList = D23F763B25198AB8006BF603 /* Build configuration list for PBXNativeTarget "TopSpinWatch WatchKit Extension" */;
			buildPhases = (
				D23F762625198AB7006BF603 /* Sources */,
				D23F762725198AB7006BF603 /* Frameworks */,
				D23F762825198AB7006BF603 /* Resources */,
			);
			buildRules = (
			);
			dependencies = (
			);
			name = "TopSpinWatch WatchKit Extension";
			productName = "TopSpinWatch WatchKit Extension";
			productReference = D23F762A25198AB7006BF603 /* TopSpinWatch WatchKit Extension.appex */;
			productType = "com.apple.product-type.watchkit2-extension";
		};
		D27978A9251CED0800771DB9 /* TopSpinTests */ = {
			isa = PBXNativeTarget;
			buildConfigurationList = D27978B3251CED0800771DB9 /* Build configuration list for PBXNativeTarget "TopSpinTests" */;
			buildPhases = (
				D27978A6251CED0800771DB9 /* Sources */,
				D27978A7251CED0800771DB9 /* Frameworks */,
				D27978A8251CED0800771DB9 /* Resources */,
			);
			buildRules = (
			);
			dependencies = (
				D27978B0251CED0800771DB9 /* PBXTargetDependency */,
			);
			name = TopSpinTests;
			productName = TopSpinTests;
			productReference = D27978AA251CED0800771DB9 /* TopSpinTests.xctest */;
			productType = "com.apple.product-type.bundle.unit-test";
		};
/* End PBXNativeTarget section */

/* Begin PBXProject section */
		D23F75FE25198A87006BF603 /* Project object */ = {
			isa = PBXProject;
			attributes = {
				LastSwiftUpdateCheck = 1200;
				LastUpgradeCheck = 1200;
				TargetAttributes = {
					D23F760525198A87006BF603 = {
						CreatedOnToolsVersion = 12.0;
					};
					D23F761D25198AB5006BF603 = {
						CreatedOnToolsVersion = 12.0;
					};
					D23F762925198AB7006BF603 = {
						CreatedOnToolsVersion = 12.0;
					};
					D27978A9251CED0800771DB9 = {
						CreatedOnToolsVersion = 12.0;
						TestTargetID = D23F760525198A87006BF603;
					};
				};
			};
			buildConfigurationList = D23F760125198A87006BF603 /* Build configuration list for PBXProject "TopSpin" */;
			compatibilityVersion = "Xcode 9.3";
			developmentRegion = en;
			hasScannedForEncodings = 0;
			knownRegions = (
				en,
				Base,
			);
			mainGroup = D23F75FD25198A87006BF603;
			productRefGroup = D23F760725198A87006BF603 /* Products */;
			projectDirPath = "";
			projectRoot = "";
			targets = (
				D23F760525198A87006BF603 /* TopSpin */,
				D23F761D25198AB5006BF603 /* TopSpinWatch WatchKit App */,
				D23F762925198AB7006BF603 /* TopSpinWatch WatchKit Extension */,
				D27978A9251CED0800771DB9 /* TopSpinTests */,
			);
		};
/* End PBXProject section */

/* Begin PBXResourcesBuildPhase section */
		D23F760425198A87006BF603 /* Resources */ = {
			isa = PBXResourcesBuildPhase;
			buildActionMask = 2147483647;
			files = (
				D23F761125198A89006BF603 /* Preview Assets.xcassets in Resources */,
				D23F760E25198A89006BF603 /* Assets.xcassets in Resources */,
			);
			runOnlyForDeploymentPostprocessing = 0;
		};
		D23F761C25198AB5006BF603 /* Resources */ = {
			isa = PBXResourcesBuildPhase;
			buildActionMask = 2147483647;
			files = (
				D23F762425198AB7006BF603 /* Assets.xcassets in Resources */,
			);
			runOnlyForDeploymentPostprocessing = 0;
		};
		D23F762825198AB7006BF603 /* Resources */ = {
			isa = PBXResourcesBuildPhase;
			buildActionMask = 2147483647;
			files = (
				D23F763925198AB8006BF603 /* Preview Assets.xcassets in Resources */,
				D23F763625198AB8006BF603 /* Assets.xcassets in Resources */,
			);
			runOnlyForDeploymentPostprocessing = 0;
		};
		D27978A8251CED0800771DB9 /* Resources */ = {
			isa = PBXResourcesBuildPhase;
			buildActionMask = 2147483647;
			files = (
			);
			runOnlyForDeploymentPostprocessing = 0;
		};
/* End PBXResourcesBuildPhase section */

/* Begin PBXSourcesBuildPhase section */
		D23F760225198A87006BF603 /* Sources */ = {
			isa = PBXSourcesBuildPhase;
			buildActionMask = 2147483647;
			files = (
				D2227EFB251E3154009DD539 /* MatchSettingsPickerView.swift in Sources */,
				D23F760C25198A87006BF603 /* ContentView.swift in Sources */,
				D2B279ED251EC5450007FF3F /* MatchSummaryScoreView.swift in Sources */,
				D2D73E68251FDFD7006896C3 /* MatchSetting.swift in Sources */,
				D2D73E2A251EF398006896C3 /* FloatingLiveWorkoutView.swift in Sources */,
				D23CCB8D251ADEC2002EBE72 /* HorizontalSummaryView.swift in Sources */,
				D23CCBC5251BA65B002EBE72 /* SettingStorage.swift in Sources */,
				D2D73E35251EFA4B006896C3 /* LiveMatchView.swift in Sources */,
				D2D73E1B251ED74D006896C3 /* MatchTimelineView.swift in Sources */,
				D23CCBAC251B8DBE002EBE72 /* MatchStorage.swift in Sources */,
				D23CCB65251AD634002EBE72 /* Match+Extensions.swift in Sources */,
				D23CCBA0251B8AE3002EBE72 /* HistoryWorkoutMetricView.swift in Sources */,
				D2BCC687251FF17E0032CC23 /* AppEnvironment.swift in Sources */,
				D27773CE2521385300F1787A /* SettingsRepository.swift in Sources */,
				D2D73E49251FDE53006896C3 /* Match.swift in Sources */,
				D23CCBA6251B8B2C002EBE72 /* MatchHistoryScoreView.swift in Sources */,
				D2B01F02251ED201002E8E74 /* HeartRatesView.swift in Sources */,
				D27978BB251CED2400771DB9 /* RallyMatchController.swift in Sources */,
				D2B279C3251EB9B30007FF3F /* HorizontalIconView.swift in Sources */,
				D2F35E0D251A497200739463 /* SettingsView.swift in Sources */,
				D23F760A25198A87006BF603 /* TopSpinApp.swift in Sources */,
				D2A71423252422D2008F053D /* AppStore.swift in Sources */,
				D23F765525198CF5006BF603 /* MatchHistoryList.swift in Sources */,
				D2A71409252421AA008F053D /* SettingReducer.swift in Sources */,
				D23F766125198D24006BF603 /* MatchHistoryItem.swift in Sources */,
				D2B74D9A251ABD6500D1004B /* Persistance.swift in Sources */,
				D2A714182524227A008F053D /* MatchHistoryReducer.swift in Sources */,
				D2801F4E25199BCC00E85E90 /* HistorySummaryView.swift in Sources */,
				D27978FE251CF70E00771DB9 /* StatefulPreviewWrapper.swift in Sources */,
				D2D73E72251FE119006896C3 /* existing.swift in Sources */,
				D2D73E87251FE36F006896C3 /* Store+Binding.swift in Sources */,
				D2D73E61251FDFB2006896C3 /* Workout.swift in Sources */,
				D2B279CE251EC25F0007FF3F /* HistoryEmptyView.swift in Sources */,
				D2F35DE5251A379D00739463 /* MatchSummaryView.swift in Sources */,
				D2F35DF5251A41F500739463 /* MatchSettingsFormView.swift in Sources */,
				D2A713FE2524215E008F053D /* Reducer.swift in Sources */,
				D2D73E3C251F05C0006896C3 /* HomeHistoryView.swift in Sources */,
				D27978B9251CED2400771DB9 /* RallyTeam.swift in Sources */,
				D2B279E6251EC3C80007FF3F /* LargeMetricView.swift in Sources */,
				D2D73E81251FE33E006896C3 /* Store.swift in Sources */,
				D2B74DAB251ABEA800D1004B /* TopSpin.xcdatamodeld in Sources */,
				D2B279BB251EB97F0007FF3F /* WorkoutMetricContent.swift in Sources */,
				D2D73E5B251FDFAA006896C3 /* MatchScore.swift in Sources */,
				D27978BA251CED2400771DB9 /* RallyMatchConfigurable.swift in Sources */,
				D2B01F0D251ED2A2002E8E74 /* HeartRateValueView.swift in Sources */,
			);
			runOnlyForDeploymentPostprocessing = 0;
		};
		D23F762625198AB7006BF603 /* Sources */ = {
			isa = PBXSourcesBuildPhase;
			buildActionMask = 2147483647;
			files = (
				D2B279C4251EB9B30007FF3F /* HorizontalIconView.swift in Sources */,
				D261A864251A662100689252 /* MatchSetupView.swift in Sources */,
				D2B279EE251EC5450007FF3F /* MatchSummaryScoreView.swift in Sources */,
				D2A7145325242755008F053D /* WorkoutReducer.swift in Sources */,
				D2B01F0E251ED2A2002E8E74 /* HeartRateValueView.swift in Sources */,
				D2227EFC251E3154009DD539 /* MatchSettingsPickerView.swift in Sources */,
				D2A7145D2524278E008F053D /* AppStore.swift in Sources */,
				D2BCC6AC2520053C0032CC23 /* AppEnvironment.swift in Sources */,
				D20C55E2251C04EE00107FBD /* RallyTeam.swift in Sources */,
				D2F35E12251A4D0100739463 /* SettingsView.swift in Sources */,
				D23CCBB5251B95A7002EBE72 /* HistoryWorkoutMetricView.swift in Sources */,
				D27978FF251CF70E00771DB9 /* StatefulPreviewWrapper.swift in Sources */,
				D23F763025198AB7006BF603 /* ContentView.swift in Sources */,
				D2D73EB2251FE55A006896C3 /* MatchScore.swift in Sources */,
				D27978EF251CF48500771DB9 /* ActiveMatchTabView.swift in Sources */,
				D2B279E7251EC3C80007FF3F /* LargeMetricView.swift in Sources */,
				D23CCB9A251AE68A002EBE72 /* Match+Extensions.swift in Sources */,
				D20C55DA251C04E000107FBD /* RallyMatchConfigurable.swift in Sources */,
				D2F35DDB2519A5B400739463 /* MatchHistoryList.swift in Sources */,
				D23CCBBB251B95E3002EBE72 /* MatchStorage.swift in Sources */,
				D2A713FF2524215E008F053D /* Reducer.swift in Sources */,
				D2A7143D25242584008F053D /* SettingsRepository.swift in Sources */,
				D2D73EB1251FE55A006896C3 /* MatchSetting.swift in Sources */,
				D2B74D69251AA49B00D1004B /* ActiveMatchView.swift in Sources */,
				D2B74D91251ABD0C00D1004B /* Persistance.swift in Sources */,
				D261A876251A6D9300689252 /* MatchWorkoutView.swift in Sources */,
				D23F763225198AB7006BF603 /* TopSpinApp.swift in Sources */,
				D27978F6251CF4E100771DB9 /* HomeTabView.swift in Sources */,
				D23F763425198AB7006BF603 /* ComplicationController.swift in Sources */,
				D23CCBC6251BA65B002EBE72 /* SettingStorage.swift in Sources */,
				D23F7666251991F5006BF603 /* MatchHistoryItem.swift in Sources */,
				D2A7144D25242703008F053D /* MatchSettingsReducer.swift in Sources */,
				D2D73EB0251FE55A006896C3 /* Match.swift in Sources */,
				D2BCC6A1252004FB0032CC23 /* Store+Binding.swift in Sources */,
				D23CCBB6251B95A7002EBE72 /* MatchHistoryScoreView.swift in Sources */,
				D2B279BC251EB97F0007FF3F /* WorkoutMetricContent.swift in Sources */,
				D2D73EAA251FE547006896C3 /* WorkoutManager.swift in Sources */,
				D2B74DAC251ABEA800D1004B /* TopSpin.xcdatamodeld in Sources */,
				D20C55DB251C04E000107FBD /* RallyMatchController.swift in Sources */,
				D2D73EAF251FE55A006896C3 /* Workout.swift in Sources */,
				D2B01F03251ED201002E8E74 /* HeartRatesView.swift in Sources */,
				D2BCC6A0252004FB0032CC23 /* Store.swift in Sources */,
				D2A71447252426D7008F053D /* MatchHistoryReducer.swift in Sources */,
				D2B74D5F251A931700D1004B /* ActiveMatchSwipeView.swift in Sources */,
				D2F35E07251A454700739463 /* MatchSettingsFormView.swift in Sources */,
			);
			runOnlyForDeploymentPostprocessing = 0;
		};
		D27978A6251CED0800771DB9 /* Sources */ = {
			isa = PBXSourcesBuildPhase;
			buildActionMask = 2147483647;
			files = (
				D27978DC251CEDF500771DB9 /* RallyMatchScoringTests.swift in Sources */,
				D27978DB251CEDF500771DB9 /* RallyMatchServingTests.swift in Sources */,
				D27978DA251CEDF500771DB9 /* RallyFullMatchTests.swift in Sources */,
				D27978DE251CEDF500771DB9 /* StandardSettingsTemplate.swift in Sources */,
				D27978DD251CEDF500771DB9 /* RallyMatchOverTests.swift in Sources */,
				D27978AD251CED0800771DB9 /* RallyTeamTests.swift in Sources */,
			);
			runOnlyForDeploymentPostprocessing = 0;
		};
/* End PBXSourcesBuildPhase section */

/* Begin PBXTargetDependency section */
		D23F762D25198AB7006BF603 /* PBXTargetDependency */ = {
			isa = PBXTargetDependency;
			target = D23F762925198AB7006BF603 /* TopSpinWatch WatchKit Extension */;
			targetProxy = D23F762C25198AB7006BF603 /* PBXContainerItemProxy */;
		};
		D27978B0251CED0800771DB9 /* PBXTargetDependency */ = {
			isa = PBXTargetDependency;
			target = D23F760525198A87006BF603 /* TopSpin */;
			targetProxy = D27978AF251CED0800771DB9 /* PBXContainerItemProxy */;
		};
		D2BCC692252004D10032CC23 /* PBXTargetDependency */ = {
			isa = PBXTargetDependency;
			target = D23F761D25198AB5006BF603 /* TopSpinWatch WatchKit App */;
			targetProxy = D2BCC691252004D10032CC23 /* PBXContainerItemProxy */;
		};
/* End PBXTargetDependency section */

/* Begin XCBuildConfiguration section */
		D23F761325198A89006BF603 /* Debug */ = {
			isa = XCBuildConfiguration;
			buildSettings = {
				ALWAYS_SEARCH_USER_PATHS = NO;
				CLANG_ANALYZER_NONNULL = YES;
				CLANG_ANALYZER_NUMBER_OBJECT_CONVERSION = YES_AGGRESSIVE;
				CLANG_CXX_LANGUAGE_STANDARD = "gnu++14";
				CLANG_CXX_LIBRARY = "libc++";
				CLANG_ENABLE_MODULES = YES;
				CLANG_ENABLE_OBJC_ARC = YES;
				CLANG_ENABLE_OBJC_WEAK = YES;
				CLANG_WARN_BLOCK_CAPTURE_AUTORELEASING = YES;
				CLANG_WARN_BOOL_CONVERSION = YES;
				CLANG_WARN_COMMA = YES;
				CLANG_WARN_CONSTANT_CONVERSION = YES;
				CLANG_WARN_DEPRECATED_OBJC_IMPLEMENTATIONS = YES;
				CLANG_WARN_DIRECT_OBJC_ISA_USAGE = YES_ERROR;
				CLANG_WARN_DOCUMENTATION_COMMENTS = YES;
				CLANG_WARN_EMPTY_BODY = YES;
				CLANG_WARN_ENUM_CONVERSION = YES;
				CLANG_WARN_INFINITE_RECURSION = YES;
				CLANG_WARN_INT_CONVERSION = YES;
				CLANG_WARN_NON_LITERAL_NULL_CONVERSION = YES;
				CLANG_WARN_OBJC_IMPLICIT_RETAIN_SELF = YES;
				CLANG_WARN_OBJC_LITERAL_CONVERSION = YES;
				CLANG_WARN_OBJC_ROOT_CLASS = YES_ERROR;
				CLANG_WARN_QUOTED_INCLUDE_IN_FRAMEWORK_HEADER = YES;
				CLANG_WARN_RANGE_LOOP_ANALYSIS = YES;
				CLANG_WARN_STRICT_PROTOTYPES = YES;
				CLANG_WARN_SUSPICIOUS_MOVE = YES;
				CLANG_WARN_UNGUARDED_AVAILABILITY = YES_AGGRESSIVE;
				CLANG_WARN_UNREACHABLE_CODE = YES;
				CLANG_WARN__DUPLICATE_METHOD_MATCH = YES;
				COPY_PHASE_STRIP = NO;
				DEBUG_INFORMATION_FORMAT = dwarf;
				ENABLE_STRICT_OBJC_MSGSEND = YES;
				ENABLE_TESTABILITY = YES;
				GCC_C_LANGUAGE_STANDARD = gnu11;
				GCC_DYNAMIC_NO_PIC = NO;
				GCC_NO_COMMON_BLOCKS = YES;
				GCC_OPTIMIZATION_LEVEL = 0;
				GCC_PREPROCESSOR_DEFINITIONS = (
					"DEBUG=1",
					"$(inherited)",
				);
				GCC_WARN_64_TO_32_BIT_CONVERSION = YES;
				GCC_WARN_ABOUT_RETURN_TYPE = YES_ERROR;
				GCC_WARN_UNDECLARED_SELECTOR = YES;
				GCC_WARN_UNINITIALIZED_AUTOS = YES_AGGRESSIVE;
				GCC_WARN_UNUSED_FUNCTION = YES;
				GCC_WARN_UNUSED_VARIABLE = YES;
				IPHONEOS_DEPLOYMENT_TARGET = 14.0;
				MTL_ENABLE_DEBUG_INFO = INCLUDE_SOURCE;
				MTL_FAST_MATH = YES;
				ONLY_ACTIVE_ARCH = YES;
				SDKROOT = iphoneos;
				SWIFT_ACTIVE_COMPILATION_CONDITIONS = DEBUG;
				SWIFT_OPTIMIZATION_LEVEL = "-Onone";
			};
			name = Debug;
		};
		D23F761425198A89006BF603 /* Release */ = {
			isa = XCBuildConfiguration;
			buildSettings = {
				ALWAYS_SEARCH_USER_PATHS = NO;
				CLANG_ANALYZER_NONNULL = YES;
				CLANG_ANALYZER_NUMBER_OBJECT_CONVERSION = YES_AGGRESSIVE;
				CLANG_CXX_LANGUAGE_STANDARD = "gnu++14";
				CLANG_CXX_LIBRARY = "libc++";
				CLANG_ENABLE_MODULES = YES;
				CLANG_ENABLE_OBJC_ARC = YES;
				CLANG_ENABLE_OBJC_WEAK = YES;
				CLANG_WARN_BLOCK_CAPTURE_AUTORELEASING = YES;
				CLANG_WARN_BOOL_CONVERSION = YES;
				CLANG_WARN_COMMA = YES;
				CLANG_WARN_CONSTANT_CONVERSION = YES;
				CLANG_WARN_DEPRECATED_OBJC_IMPLEMENTATIONS = YES;
				CLANG_WARN_DIRECT_OBJC_ISA_USAGE = YES_ERROR;
				CLANG_WARN_DOCUMENTATION_COMMENTS = YES;
				CLANG_WARN_EMPTY_BODY = YES;
				CLANG_WARN_ENUM_CONVERSION = YES;
				CLANG_WARN_INFINITE_RECURSION = YES;
				CLANG_WARN_INT_CONVERSION = YES;
				CLANG_WARN_NON_LITERAL_NULL_CONVERSION = YES;
				CLANG_WARN_OBJC_IMPLICIT_RETAIN_SELF = YES;
				CLANG_WARN_OBJC_LITERAL_CONVERSION = YES;
				CLANG_WARN_OBJC_ROOT_CLASS = YES_ERROR;
				CLANG_WARN_QUOTED_INCLUDE_IN_FRAMEWORK_HEADER = YES;
				CLANG_WARN_RANGE_LOOP_ANALYSIS = YES;
				CLANG_WARN_STRICT_PROTOTYPES = YES;
				CLANG_WARN_SUSPICIOUS_MOVE = YES;
				CLANG_WARN_UNGUARDED_AVAILABILITY = YES_AGGRESSIVE;
				CLANG_WARN_UNREACHABLE_CODE = YES;
				CLANG_WARN__DUPLICATE_METHOD_MATCH = YES;
				COPY_PHASE_STRIP = NO;
				DEBUG_INFORMATION_FORMAT = "dwarf-with-dsym";
				ENABLE_NS_ASSERTIONS = NO;
				ENABLE_STRICT_OBJC_MSGSEND = YES;
				GCC_C_LANGUAGE_STANDARD = gnu11;
				GCC_NO_COMMON_BLOCKS = YES;
				GCC_WARN_64_TO_32_BIT_CONVERSION = YES;
				GCC_WARN_ABOUT_RETURN_TYPE = YES_ERROR;
				GCC_WARN_UNDECLARED_SELECTOR = YES;
				GCC_WARN_UNINITIALIZED_AUTOS = YES_AGGRESSIVE;
				GCC_WARN_UNUSED_FUNCTION = YES;
				GCC_WARN_UNUSED_VARIABLE = YES;
				IPHONEOS_DEPLOYMENT_TARGET = 14.0;
				MTL_ENABLE_DEBUG_INFO = NO;
				MTL_FAST_MATH = YES;
				SDKROOT = iphoneos;
				SWIFT_COMPILATION_MODE = wholemodule;
				SWIFT_OPTIMIZATION_LEVEL = "-O";
				VALIDATE_PRODUCT = YES;
			};
			name = Release;
		};
		D23F761625198A89006BF603 /* Debug */ = {
			isa = XCBuildConfiguration;
			buildSettings = {
				ASSETCATALOG_COMPILER_APPICON_NAME = AppIcon;
				ASSETCATALOG_COMPILER_GLOBAL_ACCENT_COLOR_NAME = AccentColor;
				CODE_SIGN_ENTITLEMENTS = TopSpin/TopSpin.entitlements;
				CODE_SIGN_STYLE = Automatic;
				DEVELOPMENT_ASSET_PATHS = "\"TopSpin/Preview Content\"";
				DEVELOPMENT_TEAM = 2J9S2B5EZD;
				ENABLE_PREVIEWS = YES;
				INFOPLIST_FILE = TopSpin/Info.plist;
				IPHONEOS_DEPLOYMENT_TARGET = 14.0;
				LD_RUNPATH_SEARCH_PATHS = (
					"$(inherited)",
					"@executable_path/Frameworks",
				);
				PRODUCT_BUNDLE_IDENTIFIER = com.willBrandin.dev.TopSpin;
				PRODUCT_NAME = "$(TARGET_NAME)";
				SUPPORTS_MACCATALYST = NO;
				SWIFT_VERSION = 5.0;
				TARGETED_DEVICE_FAMILY = "1,2";
			};
			name = Debug;
		};
		D23F761725198A89006BF603 /* Release */ = {
			isa = XCBuildConfiguration;
			buildSettings = {
				ASSETCATALOG_COMPILER_APPICON_NAME = AppIcon;
				ASSETCATALOG_COMPILER_GLOBAL_ACCENT_COLOR_NAME = AccentColor;
				CODE_SIGN_ENTITLEMENTS = TopSpin/TopSpin.entitlements;
				CODE_SIGN_STYLE = Automatic;
				DEVELOPMENT_ASSET_PATHS = "\"TopSpin/Preview Content\"";
				DEVELOPMENT_TEAM = 2J9S2B5EZD;
				ENABLE_PREVIEWS = YES;
				INFOPLIST_FILE = TopSpin/Info.plist;
				IPHONEOS_DEPLOYMENT_TARGET = 14.0;
				LD_RUNPATH_SEARCH_PATHS = (
					"$(inherited)",
					"@executable_path/Frameworks",
				);
				PRODUCT_BUNDLE_IDENTIFIER = com.willBrandin.dev.TopSpin;
				PRODUCT_NAME = "$(TARGET_NAME)";
				SUPPORTS_MACCATALYST = NO;
				SWIFT_VERSION = 5.0;
				TARGETED_DEVICE_FAMILY = "1,2";
			};
			name = Release;
		};
		D23F763C25198AB8006BF603 /* Debug */ = {
			isa = XCBuildConfiguration;
			buildSettings = {
				ASSETCATALOG_COMPILER_COMPLICATION_NAME = Complication;
				CODE_SIGN_ENTITLEMENTS = "TopSpinWatch WatchKit Extension/TopSpinWatch WatchKit Extension.entitlements";
				CODE_SIGN_STYLE = Automatic;
				DEVELOPMENT_ASSET_PATHS = "\"TopSpinWatch WatchKit Extension/Preview Content\"";
				DEVELOPMENT_TEAM = 2J9S2B5EZD;
				ENABLE_PREVIEWS = YES;
				INFOPLIST_FILE = "TopSpinWatch WatchKit Extension/Info.plist";
				LD_RUNPATH_SEARCH_PATHS = (
					"$(inherited)",
					"@executable_path/Frameworks",
					"@executable_path/../../Frameworks",
				);
				PRODUCT_BUNDLE_IDENTIFIER = com.willBrandin.dev.TopSpin.watchkitapp.watchkitextension;
				PRODUCT_NAME = "${TARGET_NAME}";
				SDKROOT = watchos;
				SKIP_INSTALL = YES;
				SWIFT_VERSION = 5.0;
				TARGETED_DEVICE_FAMILY = 4;
				WATCHOS_DEPLOYMENT_TARGET = 7.0;
			};
			name = Debug;
		};
		D23F763D25198AB8006BF603 /* Release */ = {
			isa = XCBuildConfiguration;
			buildSettings = {
				ASSETCATALOG_COMPILER_COMPLICATION_NAME = Complication;
				CODE_SIGN_ENTITLEMENTS = "TopSpinWatch WatchKit Extension/TopSpinWatch WatchKit Extension.entitlements";
				CODE_SIGN_STYLE = Automatic;
				DEVELOPMENT_ASSET_PATHS = "\"TopSpinWatch WatchKit Extension/Preview Content\"";
				DEVELOPMENT_TEAM = 2J9S2B5EZD;
				ENABLE_PREVIEWS = YES;
				INFOPLIST_FILE = "TopSpinWatch WatchKit Extension/Info.plist";
				LD_RUNPATH_SEARCH_PATHS = (
					"$(inherited)",
					"@executable_path/Frameworks",
					"@executable_path/../../Frameworks",
				);
				PRODUCT_BUNDLE_IDENTIFIER = com.willBrandin.dev.TopSpin.watchkitapp.watchkitextension;
				PRODUCT_NAME = "${TARGET_NAME}";
				SDKROOT = watchos;
				SKIP_INSTALL = YES;
				SWIFT_VERSION = 5.0;
				TARGETED_DEVICE_FAMILY = 4;
				WATCHOS_DEPLOYMENT_TARGET = 7.0;
			};
			name = Release;
		};
		D23F764025198AB8006BF603 /* Debug */ = {
			isa = XCBuildConfiguration;
			buildSettings = {
				ALWAYS_EMBED_SWIFT_STANDARD_LIBRARIES = YES;
				ASSETCATALOG_COMPILER_APPICON_NAME = AppIcon;
				ASSETCATALOG_COMPILER_GLOBAL_ACCENT_COLOR_NAME = AccentColor;
				CODE_SIGN_STYLE = Automatic;
				DEVELOPMENT_TEAM = 2J9S2B5EZD;
				IBSC_MODULE = TopSpinWatch_WatchKit_Extension;
				INFOPLIST_FILE = "TopSpinWatch WatchKit App/Info.plist";
				PRODUCT_BUNDLE_IDENTIFIER = com.willBrandin.dev.TopSpin.watchkitapp;
				PRODUCT_NAME = "$(TARGET_NAME)";
				SDKROOT = watchos;
				SKIP_INSTALL = YES;
				SWIFT_VERSION = 5.0;
				TARGETED_DEVICE_FAMILY = 4;
				WATCHOS_DEPLOYMENT_TARGET = 7.0;
			};
			name = Debug;
		};
		D23F764125198AB8006BF603 /* Release */ = {
			isa = XCBuildConfiguration;
			buildSettings = {
				ALWAYS_EMBED_SWIFT_STANDARD_LIBRARIES = YES;
				ASSETCATALOG_COMPILER_APPICON_NAME = AppIcon;
				ASSETCATALOG_COMPILER_GLOBAL_ACCENT_COLOR_NAME = AccentColor;
				CODE_SIGN_STYLE = Automatic;
				DEVELOPMENT_TEAM = 2J9S2B5EZD;
				IBSC_MODULE = TopSpinWatch_WatchKit_Extension;
				INFOPLIST_FILE = "TopSpinWatch WatchKit App/Info.plist";
				PRODUCT_BUNDLE_IDENTIFIER = com.willBrandin.dev.TopSpin.watchkitapp;
				PRODUCT_NAME = "$(TARGET_NAME)";
				SDKROOT = watchos;
				SKIP_INSTALL = YES;
				SWIFT_VERSION = 5.0;
				TARGETED_DEVICE_FAMILY = 4;
				WATCHOS_DEPLOYMENT_TARGET = 7.0;
			};
			name = Release;
		};
		D27978B1251CED0800771DB9 /* Debug */ = {
			isa = XCBuildConfiguration;
			buildSettings = {
				BUNDLE_LOADER = "$(TEST_HOST)";
				CODE_SIGN_STYLE = Automatic;
				DEVELOPMENT_TEAM = 2J9S2B5EZD;
				INFOPLIST_FILE = TopSpinTests/Info.plist;
				LD_RUNPATH_SEARCH_PATHS = (
					"$(inherited)",
					"@executable_path/Frameworks",
					"@loader_path/Frameworks",
				);
				PRODUCT_BUNDLE_IDENTIFIER = com.willBrandin.dev.TopSpinTests;
				PRODUCT_NAME = "$(TARGET_NAME)";
				SWIFT_VERSION = 5.0;
				TARGETED_DEVICE_FAMILY = "1,2";
				TEST_HOST = "$(BUILT_PRODUCTS_DIR)/TopSpin.app/TopSpin";
			};
			name = Debug;
		};
		D27978B2251CED0800771DB9 /* Release */ = {
			isa = XCBuildConfiguration;
			buildSettings = {
				BUNDLE_LOADER = "$(TEST_HOST)";
				CODE_SIGN_STYLE = Automatic;
				DEVELOPMENT_TEAM = 2J9S2B5EZD;
				INFOPLIST_FILE = TopSpinTests/Info.plist;
				LD_RUNPATH_SEARCH_PATHS = (
					"$(inherited)",
					"@executable_path/Frameworks",
					"@loader_path/Frameworks",
				);
				PRODUCT_BUNDLE_IDENTIFIER = com.willBrandin.dev.TopSpinTests;
				PRODUCT_NAME = "$(TARGET_NAME)";
				SWIFT_VERSION = 5.0;
				TARGETED_DEVICE_FAMILY = "1,2";
				TEST_HOST = "$(BUILT_PRODUCTS_DIR)/TopSpin.app/TopSpin";
			};
			name = Release;
		};
/* End XCBuildConfiguration section */

/* Begin XCConfigurationList section */
		D23F760125198A87006BF603 /* Build configuration list for PBXProject "TopSpin" */ = {
			isa = XCConfigurationList;
			buildConfigurations = (
				D23F761325198A89006BF603 /* Debug */,
				D23F761425198A89006BF603 /* Release */,
			);
			defaultConfigurationIsVisible = 0;
			defaultConfigurationName = Release;
		};
		D23F761525198A89006BF603 /* Build configuration list for PBXNativeTarget "TopSpin" */ = {
			isa = XCConfigurationList;
			buildConfigurations = (
				D23F761625198A89006BF603 /* Debug */,
				D23F761725198A89006BF603 /* Release */,
			);
			defaultConfigurationIsVisible = 0;
			defaultConfigurationName = Release;
		};
		D23F763B25198AB8006BF603 /* Build configuration list for PBXNativeTarget "TopSpinWatch WatchKit Extension" */ = {
			isa = XCConfigurationList;
			buildConfigurations = (
				D23F763C25198AB8006BF603 /* Debug */,
				D23F763D25198AB8006BF603 /* Release */,
			);
			defaultConfigurationIsVisible = 0;
			defaultConfigurationName = Release;
		};
		D23F763F25198AB8006BF603 /* Build configuration list for PBXNativeTarget "TopSpinWatch WatchKit App" */ = {
			isa = XCConfigurationList;
			buildConfigurations = (
				D23F764025198AB8006BF603 /* Debug */,
				D23F764125198AB8006BF603 /* Release */,
			);
			defaultConfigurationIsVisible = 0;
			defaultConfigurationName = Release;
		};
		D27978B3251CED0800771DB9 /* Build configuration list for PBXNativeTarget "TopSpinTests" */ = {
			isa = XCConfigurationList;
			buildConfigurations = (
				D27978B1251CED0800771DB9 /* Debug */,
				D27978B2251CED0800771DB9 /* Release */,
			);
			defaultConfigurationIsVisible = 0;
			defaultConfigurationName = Release;
		};
/* End XCConfigurationList section */

/* Begin XCVersionGroup section */
		D2B74DA9251ABEA800D1004B /* TopSpin.xcdatamodeld */ = {
			isa = XCVersionGroup;
			children = (
				D2B74DAA251ABEA800D1004B /* TopSpin.xcdatamodel */,
			);
			currentVersion = D2B74DAA251ABEA800D1004B /* TopSpin.xcdatamodel */;
			path = TopSpin.xcdatamodeld;
			sourceTree = "<group>";
			versionGroupType = wrapper.xcdatamodel;
		};
/* End XCVersionGroup section */
	};
	rootObject = D23F75FE25198A87006BF603 /* Project object */;
}
